
Microsoft Visual Studio Solution File, Format Version 12.00
# Visual Studio Version 17
VisualStudioVersion = 17.14.36623.8
MinimumVisualStudioVersion = 10.0.40219.1
Project("{2150E333-8FDC-42A3-9474-1A3956D46DE8}") = "Bootstrapper", "Bootstrapper", "{02EA681E-C7D8-13C7-8484-4AC65E1B71E8}"
EndProject
Project("{2150E333-8FDC-42A3-9474-1A3956D46DE8}") = "Modules", "Modules", "{BDB01F4F-E2A6-4436-B9A2-388A5B271F11}"
EndProject
Project("{2150E333-8FDC-42A3-9474-1A3956D46DE8}") = "Shared", "Shared", "{47A8CDF0-F0D1-4EE5-B7DB-E3E33F29C9AF}"
EndProject
Project("{FAE04EC0-301F-11D3-BF4B-00C04F79EFBC}") = "Api", "Bootstrapper\Api\Api.csproj", "{A17D3A78-F3BD-4A34-94E4-EAD4A47B7E2A}"
EndProject
Project("{2150E333-8FDC-42A3-9474-1A3956D46DE8}") = "Catalog", "Catalog", "{0A9E0079-E1EC-46C9-9BD0-576AAA803CBD}"
EndProject
Project("{2150E333-8FDC-42A3-9474-1A3956D46DE8}") = "Basket", "Basket", "{2C4AFFCF-6D29-4F56-BDAC-2AA9F8C1AA5E}"
EndProject
Project("{2150E333-8FDC-42A3-9474-1A3956D46DE8}") = "Ordering", "Ordering", "{C6B2EFC2-CE19-479D-83D6-8D9EE45F55BB}"
EndProject
Project("{FAE04EC0-301F-11D3-BF4B-00C04F79EFBC}") = "Catalog", "Modules\Catalog\Catalog\Catalog.csproj", "{28D7D6A2-639A-4CF9-A4AB-7BB1F08D338E}"
EndProject
Project("{FAE04EC0-301F-11D3-BF4B-00C04F79EFBC}") = "Basket", "Modules\Basket\Basket\Basket.csproj", "{96EE008F-DE54-4BF4-A167-4054DC4BF4F1}"
EndProject
Project("{FAE04EC0-301F-11D3-BF4B-00C04F79EFBC}") = "Ordering", "Modules\Ordering\Ordering\Ordering.csproj", "{F644849E-B35F-497E-9831-354446A8FA27}"
EndProject
Project("{FAE04EC0-301F-11D3-BF4B-00C04F79EFBC}") = "Shared", "Shared\Shared\Shared.csproj", "{6CA7D8C3-5F69-4837-863A-669E46E820E4}"
EndProject
Project("{E53339B2-1760-4266-BCC7-CA923CBCF16C}") = "docker-compose", "docker-compose.dcproj", "{81DDED9D-158B-E303-5F62-77A2896D2A5A}"
EndProject
Global
	GlobalSection(SolutionConfigurationPlatforms) = preSolution
		Debug|Any CPU = Debug|Any CPU
		Release|Any CPU = Release|Any CPU
	EndGlobalSection
	GlobalSection(ProjectConfigurationPlatforms) = postSolution
		{A17D3A78-F3BD-4A34-94E4-EAD4A47B7E2A}.Debug|Any CPU.ActiveCfg = Debug|Any CPU
		{A17D3A78-F3BD-4A34-94E4-EAD4A47B7E2A}.Debug|Any CPU.Build.0 = Debug|Any CPU
		{A17D3A78-F3BD-4A34-94E4-EAD4A47B7E2A}.Release|Any CPU.ActiveCfg = Release|Any CPU
		{A17D3A78-F3BD-4A34-94E4-EAD4A47B7E2A}.Release|Any CPU.Build.0 = Release|Any CPU
		{28D7D6A2-639A-4CF9-A4AB-7BB1F08D338E}.Debug|Any CPU.ActiveCfg = Debug|Any CPU
		{28D7D6A2-639A-4CF9-A4AB-7BB1F08D338E}.Debug|Any CPU.Build.0 = Debug|Any CPU
		{28D7D6A2-639A-4CF9-A4AB-7BB1F08D338E}.Release|Any CPU.ActiveCfg = Release|Any CPU
		{28D7D6A2-639A-4CF9-A4AB-7BB1F08D338E}.Release|Any CPU.Build.0 = Release|Any CPU
		{96EE008F-DE54-4BF4-A167-4054DC4BF4F1}.Debug|Any CPU.ActiveCfg = Debug|Any CPU
		{96EE008F-DE54-4BF4-A167-4054DC4BF4F1}.Debug|Any CPU.Build.0 = Debug|Any CPU
		{96EE008F-DE54-4BF4-A167-4054DC4BF4F1}.Release|Any CPU.ActiveCfg = Release|Any CPU
		{96EE008F-DE54-4BF4-A167-4054DC4BF4F1}.Release|Any CPU.Build.0 = Release|Any CPU
		{F644849E-B35F-497E-9831-354446A8FA27}.Debug|Any CPU.ActiveCfg = Debug|Any CPU
		{F644849E-B35F-497E-9831-354446A8FA27}.Debug|Any CPU.Build.0 = Debug|Any CPU
		{F644849E-B35F-497E-9831-354446A8FA27}.Release|Any CPU.ActiveCfg = Release|Any CPU
		{F644849E-B35F-497E-9831-354446A8FA27}.Release|Any CPU.Build.0 = Release|Any CPU
		{6CA7D8C3-5F69-4837-863A-669E46E820E4}.Debug|Any CPU.ActiveCfg = Debug|Any CPU
		{6CA7D8C3-5F69-4837-863A-669E46E820E4}.Debug|Any CPU.Build.0 = Debug|Any CPU
		{6CA7D8C3-5F69-4837-863A-669E46E820E4}.Release|Any CPU.ActiveCfg = Release|Any CPU
		{6CA7D8C3-5F69-4837-863A-669E46E820E4}.Release|Any CPU.Build.0 = Release|Any CPU
		{81DDED9D-158B-E303-5F62-77A2896D2A5A}.Debug|Any CPU.ActiveCfg = Debug|Any CPU
		{81DDED9D-158B-E303-5F62-77A2896D2A5A}.Debug|Any CPU.Build.0 = Debug|Any CPU
		{81DDED9D-158B-E303-5F62-77A2896D2A5A}.Release|Any CPU.ActiveCfg = Release|Any CPU
		{81DDED9D-158B-E303-5F62-77A2896D2A5A}.Release|Any CPU.Build.0 = Release|Any CPU
	EndGlobalSection
	GlobalSection(SolutionProperties) = preSolution
		HideSolutionNode = FALSE
	EndGlobalSection
	GlobalSection(NestedProjects) = preSolution
		{A17D3A78-F3BD-4A34-94E4-EAD4A47B7E2A} = {02EA681E-C7D8-13C7-8484-4AC65E1B71E8}
		{0A9E0079-E1EC-46C9-9BD0-576AAA803CBD} = {BDB01F4F-E2A6-4436-B9A2-388A5B271F11}
		{2C4AFFCF-6D29-4F56-BDAC-2AA9F8C1AA5E} = {BDB01F4F-E2A6-4436-B9A2-388A5B271F11}
		{C6B2EFC2-CE19-479D-83D6-8D9EE45F55BB} = {BDB01F4F-E2A6-4436-B9A2-388A5B271F11}
		{28D7D6A2-639A-4CF9-A4AB-7BB1F08D338E} = {0A9E0079-E1EC-46C9-9BD0-576AAA803CBD}
		{96EE008F-DE54-4BF4-A167-4054DC4BF4F1} = {2C4AFFCF-6D29-4F56-BDAC-2AA9F8C1AA5E}
		{F644849E-B35F-497E-9831-354446A8FA27} = {C6B2EFC2-CE19-479D-83D6-8D9EE45F55BB}
		{6CA7D8C3-5F69-4837-863A-669E46E820E4} = {47A8CDF0-F0D1-4EE5-B7DB-E3E33F29C9AF}
	EndGlobalSection
	GlobalSection(ExtensibilityGlobals) = postSolution
		SolutionGuid = {568428E9-8CCB-4F09-B27A-19062C04ECF2}
	EndGlobalSection
EndGlobal
